
Microsoft Visual Studio Solution File, Format Version 12.00
# Visual Studio Version 17
VisualStudioVersion = 17.6.33829.357
MinimumVisualStudioVersion = 10.0.40219.1
Project("{FAE04EC0-301F-11D3-BF4B-00C04F79EFBC}") = "CPE106", "CPE106.csproj", "{22493DA1-8E26-49B9-9AF5-3525DD6802A0}"
EndProject
Global
	GlobalSection(SolutionConfigurationPlatforms) = preSolution
		Debug|Any CPU = Debug|Any CPU
		Release|Any CPU = Release|Any CPU
	EndGlobalSection
	GlobalSection(ProjectConfigurationPlatforms) = postSolution
		{22493DA1-8E26-49B9-9AF5-3525DD6802A0}.Debug|Any CPU.ActiveCfg = Debug|Any CPU
		{22493DA1-8E26-49B9-9AF5-3525DD6802A0}.Debug|Any CPU.Build.0 = Debug|Any CPU
		{22493DA1-8E26-49B9-9AF5-3525DD6802A0}.Release|Any CPU.ActiveCfg = Release|Any CPU
		{22493DA1-8E26-49B9-9AF5-3525DD6802A0}.Release|Any CPU.Build.0 = Release|Any CPU
	EndGlobalSection
	GlobalSection(SolutionProperties) = preSolution
		HideSolutionNode = FALSE
	EndGlobalSection
	GlobalSection(ExtensibilityGlobals) = postSolution
		SolutionGuid = {2BE42100-4979-4603-A8F4-28787C6B85EF}
	EndGlobalSection
EndGlobal
